<?xml version="1.0" encoding="utf-8"?>
<Project ToolsVersion="4.0" xmlns="http://schemas.microsoft.com/developer/msbuild/2003">
  <ItemGroup>
    <ClCompile Include="Game.cpp">
      <Filter>Source Files</Filter>
    </ClCompile>
    <ClCompile Include="GameWindow.cpp">
      <Filter>Source Files</Filter>
    </ClCompile>
    <ClCompile Include="Shaders.cpp">
      <Filter>Source Files</Filter>
    </ClCompile>
    <ClCompile Include="HighResolutionTimer.cpp">
      <Filter>Source Files</Filter>
    </ClCompile>
  </ItemGroup>
  <ItemGroup>
    <ClInclude Include="Common.h">
      <Filter>Header files</Filter>
    </ClInclude>
    <ClInclude Include="Game.h">
      <Filter>Header files</Filter>
    </ClInclude>
    <ClInclude Include="GameWindow.h">
      <Filter>Header files</Filter>
    </ClInclude>
    <ClInclude Include="Shaders.h">
      <Filter>Header files</Filter>
    </ClInclude>
    <ClInclude Include="HighResolutionTimer.h">
      <Filter>Header files</Filter>
    </ClInclude>
  </ItemGroup>
  <ItemGroup>
    <None Include="resources\shaders\shader.frag">
      <Filter>Shaders</Filter>
    </None>
    <None Include="resources\shaders\shader.vert">
      <Filter>Shaders</Filter>
    </None>
  </ItemGroup>
  <ItemGroup>
    <Filter Include="Source Files">
      <UniqueIdentifier>{351fc5ae-3266-4891-ab19-8348149ab2c3}</UniqueIdentifier>
    </Filter>
    <Filter Include="Shaders">
      <UniqueIdentifier>{784a5638-6166-461a-93a1-f331a13f03de}</UniqueIdentifier>
    </Filter>
    <Filter Include="Header files">
      <UniqueIdentifier>{c4a14662-a456-4691-b720-a05170353a00}</UniqueIdentifier>
    </Filter>
  </ItemGroup>
</Project>